// !$*UTF8*$!
{
	archiveVersion = 1;
	classes = {};
	objectVersion = 56;
	objects = {
		000000000000000000000001 = { isa = PBXProject; attributes = { LastUpgradeCheck = 1500; TargetAttributes = { 000000000000000000000070 = { CreatedOnToolsVersion = 15.0; }; 000000000000000000000071 = { CreatedOnToolsVersion = 15.0; }; 000000000000000000000072 = { CreatedOnToolsVersion = 15.0; TestTargetID = 000000000000000000000070; }; 000000000000000000000073 = { CreatedOnToolsVersion = 15.0; TestTargetID = 000000000000000000000070; }; }; }; buildConfigurationList = 000000000000000000000100; compatibilityVersion = "Xcode 14.0"; developmentRegion = en; hasScannedForEncodings = 0; knownRegions = ( en, Base, zh-Hans ); mainGroup = 000000000000000000000002; productRefGroup = 000000000000000000000003; projectDirPath = ""; projectRoot = ""; targets = ( 000000000000000000000070, 000000000000000000000071, 000000000000000000000072, 000000000000000000000073 ); };
		000000000000000000000002 = { isa = PBXGroup; children = ( 000000000000000000000020, 000000000000000000000021, 000000000000000000000022, 000000000000000000000023 ); sourceTree = "<group>"; };
		000000000000000000000003 = { isa = PBXGroup; children = ( 000000000000000000000030, 000000000000000000000031, 000000000000000000000032, 000000000000000000000033 ); name = Products; sourceTree = "<group>"; };
		000000000000000000000020 = { isa = PBXGroup; children = ( 000000000000000000000040, 000000000000000000000041, 000000000000000000000042, 000000000000000000000043, 000000000000000000000044, 000000000000000000000045, 000000000000000000000046 ); path = MomoFocus; sourceTree = "<group>"; };
		000000000000000000000021 = { isa = PBXGroup; children = ( 000000000000000000000047 ); path = MomoFocusTests; sourceTree = "<group>"; };
		000000000000000000000022 = { isa = PBXGroup; children = ( 000000000000000000000048 ); path = MomoFocusUITests; sourceTree = "<group>"; };
		000000000000000000000023 = { isa = PBXGroup; children = ( 000000000000000000000049, 00000000000000000000004A ); path = MomoFocusLiveActivity; sourceTree = "<group>"; };
		000000000000000000000030 = { isa = PBXFileReference; explicitFileType = wrapper.application; includeInIndex = 0; path = MomoFocus.app; sourceTree = BUILT_PRODUCTS_DIR; };
		000000000000000000000031 = { isa = PBXFileReference; explicitFileType = wrapper.app-extension; includeInIndex = 0; path = MomoFocusLiveActivity.appex; sourceTree = BUILT_PRODUCTS_DIR; };
		000000000000000000000032 = { isa = PBXFileReference; explicitFileType = wrapper.cfbundle; includeInIndex = 0; path = MomoFocusTests.xctest; sourceTree = BUILT_PRODUCTS_DIR; };
		000000000000000000000033 = { isa = PBXFileReference; explicitFileType = wrapper.cfbundle; includeInIndex = 0; path = MomoFocusUITests.xctest; sourceTree = BUILT_PRODUCTS_DIR; };
		000000000000000000000040 = { isa = PBXFileReference; lastKnownFileType = sourcecode.swift; path = MomoFocusApp.swift; sourceTree = "<group>"; };
		000000000000000000000041 = { isa = PBXFileReference; lastKnownFileType = sourcecode.swift; path = Models.swift; sourceTree = "<group>"; };
		000000000000000000000042 = { isa = PBXFileReference; lastKnownFileType = sourcecode.swift; path = Persistence.swift; sourceTree = "<group>"; };
		000000000000000000000043 = { isa = PBXFileReference; lastKnownFileType = sourcecode.swift; path = ActivityManager.swift; sourceTree = "<group>"; };
		000000000000000000000044 = { isa = PBXFileReference; lastKnownFileType = sourcecode.swift; path = AppStore.swift; sourceTree = "<group>"; };
		000000000000000000000045 = { isa = PBXFileReference; lastKnownFileType = sourcecode.swift; path = RootView.swift; sourceTree = "<group>"; };
		000000000000000000000046 = { isa = PBXFileReference; lastKnownFileType = sourcecode.swift; path = Theme.swift; sourceTree = "<group>"; };
		000000000000000000000047 = { isa = PBXFileReference; lastKnownFileType = sourcecode.swift; path = MomoFocusTests.swift; sourceTree = "<group>"; };
		000000000000000000000048 = { isa = PBXFileReference; lastKnownFileType = sourcecode.swift; path = MomoFocusUITests.swift; sourceTree = "<group>"; };
		000000000000000000000049 = { isa = PBXFileReference; lastKnownFileType = text.plist.xml; path = Info.plist; sourceTree = "<group>"; };
		00000000000000000000004A = { isa = PBXFileReference; lastKnownFileType = sourcecode.swift; path = MomoFocusLiveActivity.swift; sourceTree = "<group>"; };
		000000000000000000000050 = { isa = PBXBuildFile; fileRef = 000000000000000000000040; };
		000000000000000000000051 = { isa = PBXBuildFile; fileRef = 000000000000000000000041; };
		000000000000000000000052 = { isa = PBXBuildFile; fileRef = 000000000000000000000042; };
		000000000000000000000053 = { isa = PBXBuildFile; fileRef = 000000000000000000000043; };
		000000000000000000000054 = { isa = PBXBuildFile; fileRef = 000000000000000000000044; };
		000000000000000000000055 = { isa = PBXBuildFile; fileRef = 000000000000000000000045; };
		000000000000000000000056 = { isa = PBXBuildFile; fileRef = 000000000000000000000046; };
		000000000000000000000057 = { isa = PBXBuildFile; fileRef = 00000000000000000000004A; };
		000000000000000000000058 = { isa = PBXBuildFile; fileRef = 000000000000000000000047; };
		000000000000000000000059 = { isa = PBXBuildFile; fileRef = 000000000000000000000048; };
		000000000000000000000060 = { isa = PBXSourcesBuildPhase; buildActionMask = 2147483647; files = ( 000000000000000000000050, 000000000000000000000051, 000000000000000000000052, 000000000000000000000053, 000000000000000000000054, 000000000000000000000055, 000000000000000000000056 ); runOnlyForDeploymentPostprocessing = 0; };
		000000000000000000000061 = { isa = PBXSourcesBuildPhase; buildActionMask = 2147483647; files = ( 000000000000000000000057 ); runOnlyForDeploymentPostprocessing = 0; };
		000000000000000000000062 = { isa = PBXSourcesBuildPhase; buildActionMask = 2147483647; files = ( 000000000000000000000058 ); runOnlyForDeploymentPostprocessing = 0; };
		000000000000000000000063 = { isa = PBXSourcesBuildPhase; buildActionMask = 2147483647; files = ( 000000000000000000000059 ); runOnlyForDeploymentPostprocessing = 0; };
		000000000000000000000070 = { isa = PBXNativeTarget; buildConfigurationList = 000000000000000000000101; buildPhases = ( 000000000000000000000060 ); buildRules = ( ); dependencies = ( 000000000000000000000080 ); name = MomoFocus; productName = MomoFocus; productReference = 000000000000000000000030; productType = "com.apple.product-type.application"; };
		000000000000000000000071 = { isa = PBXNativeTarget; buildConfigurationList = 000000000000000000000102; buildPhases = ( 000000000000000000000061 ); buildRules = ( ); dependencies = ( ); name = MomoFocusLiveActivity; productName = MomoFocusLiveActivity; productReference = 000000000000000000000031; productType = "com.apple.product-type.app-extension"; };
		000000000000000000000072 = { isa = PBXNativeTarget; buildConfigurationList = 000000000000000000000103; buildPhases = ( 000000000000000000000062 ); buildRules = ( ); dependencies = ( ); name = MomoFocusTests; productName = MomoFocusTests; productReference = 000000000000000000000032; productType = "com.apple.product-type.bundle.unit-test"; };
		000000000000000000000073 = { isa = PBXNativeTarget; buildConfigurationList = 000000000000000000000104; buildPhases = ( 000000000000000000000063 ); buildRules = ( ); dependencies = ( ); name = MomoFocusUITests; productName = MomoFocusUITests; productReference = 000000000000000000000033; productType = "com.apple.product-type.bundle.ui-testing"; };
		000000000000000000000080 = { isa = PBXTargetDependency; target = 000000000000000000000071; targetProxy = 000000000000000000000081; };
		000000000000000000000081 = { isa = PBXContainerItemProxy; containerPortal = 000000000000000000000001; proxyType = 1; remoteGlobalIDString = 000000000000000000000071; remoteInfo = MomoFocusLiveActivity; };
		000000000000000000000100 = { isa = XCConfigurationList; buildConfigurations = ( 000000000000000000000110, 000000000000000000000111 ); defaultConfigurationIsVisible = 0; defaultConfigurationName = Release; };
		000000000000000000000101 = { isa = XCConfigurationList; buildConfigurations = ( 000000000000000000000120, 000000000000000000000121 ); defaultConfigurationIsVisible = 0; defaultConfigurationName = Release; };
		000000000000000000000102 = { isa = XCConfigurationList; buildConfigurations = ( 000000000000000000000122, 000000000000000000000123 ); defaultConfigurationIsVisible = 0; defaultConfigurationName = Release; };
		000000000000000000000103 = { isa = XCConfigurationList; buildConfigurations = ( 000000000000000000000124, 000000000000000000000125 ); defaultConfigurationIsVisible = 0; defaultConfigurationName = Release; };
		000000000000000000000104 = { isa = XCConfigurationList; buildConfigurations = ( 000000000000000000000126, 000000000000000000000127 ); defaultConfigurationIsVisible = 0; defaultConfigurationName = Release; };
		000000000000000000000110 = { isa = XCBuildConfiguration; buildSettings = { IPHONEOS_DEPLOYMENT_TARGET = 16.1; PRODUCT_BUNDLE_IDENTIFIER = com.momofocus.ios; SWIFT_VERSION = 5.0; TARGETED_DEVICE_FAMILY = "1,2"; }; name = Debug; };
		000000000000000000000111 = { isa = XCBuildConfiguration; buildSettings = { IPHONEOS_DEPLOYMENT_TARGET = 16.1; PRODUCT_BUNDLE_IDENTIFIER = com.momofocus.ios; SWIFT_VERSION = 5.0; TARGETED_DEVICE_FAMILY = "1,2"; }; name = Release; };
		000000000000000000000120 = { isa = XCBuildConfiguration; buildSettings = { INFOPLIST_FILE = MomoFocus/Info.plist; PRODUCT_BUNDLE_IDENTIFIER = com.momofocus.ios; SWIFT_VERSION = 5.0; IPHONEOS_DEPLOYMENT_TARGET = 16.1; CODE_SIGN_STYLE = Automatic; }; name = Debug; };
		000000000000000000000121 = { isa = XCBuildConfiguration; buildSettings = { INFOPLIST_FILE = MomoFocus/Info.plist; PRODUCT_BUNDLE_IDENTIFIER = com.momofocus.ios; SWIFT_VERSION = 5.0; IPHONEOS_DEPLOYMENT_TARGET = 16.1; CODE_SIGN_STYLE = Automatic; }; name = Release; };
		000000000000000000000122 = { isa = XCBuildConfiguration; buildSettings = { INFOPLIST_FILE = MomoFocusLiveActivity/Info.plist; PRODUCT_BUNDLE_IDENTIFIER = com.momofocus.ios.liveactivity; SWIFT_VERSION = 5.0; IPHONEOS_DEPLOYMENT_TARGET = 16.1; CODE_SIGN_STYLE = Automatic; }; name = Debug; };
		000000000000000000000123 = { isa = XCBuildConfiguration; buildSettings = { INFOPLIST_FILE = MomoFocusLiveActivity/Info.plist; PRODUCT_BUNDLE_IDENTIFIER = com.momofocus.ios.liveactivity; SWIFT_VERSION = 5.0; IPHONEOS_DEPLOYMENT_TARGET = 16.1; CODE_SIGN_STYLE = Automatic; }; name = Release; };
		000000000000000000000124 = { isa = XCBuildConfiguration; buildSettings = { BUNDLE_LOADER = "$(TEST_HOST)"; IPHONEOS_DEPLOYMENT_TARGET = 16.1; PRODUCT_BUNDLE_IDENTIFIER = com.momofocus.ios.tests; SWIFT_VERSION = 5.0; TEST_HOST = "$(BUILT_PRODUCTS_DIR)/MomoFocus.app/MomoFocus"; }; name = Debug; };
		000000000000000000000125 = { isa = XCBuildConfiguration; buildSettings = { BUNDLE_LOADER = "$(TEST_HOST)"; IPHONEOS_DEPLOYMENT_TARGET = 16.1; PRODUCT_BUNDLE_IDENTIFIER = com.momofocus.ios.tests; SWIFT_VERSION = 5.0; TEST_HOST = "$(BUILT_PRODUCTS_DIR)/MomoFocus.app/MomoFocus"; }; name = Release; };
		000000000000000000000126 = { isa = XCBuildConfiguration; buildSettings = { IPHONEOS_DEPLOYMENT_TARGET = 16.1; PRODUCT_BUNDLE_IDENTIFIER = com.momofocus.ios.uitests; SWIFT_VERSION = 5.0; TARGETED_DEVICE_FAMILY = "1,2"; }; name = Debug; };
		000000000000000000000127 = { isa = XCBuildConfiguration; buildSettings = { IPHONEOS_DEPLOYMENT_TARGET = 16.1; PRODUCT_BUNDLE_IDENTIFIER = com.momofocus.ios.uitests; SWIFT_VERSION = 5.0; TARGETED_DEVICE_FAMILY = "1,2"; }; name = Release; };
	};
	rootObject = 000000000000000000000001;
}
